
Microsoft Visual Studio Solution File, Format Version 12.00
# Visual Studio Version 16
VisualStudioVersion = 16.0.29306.81
MinimumVisualStudioVersion = 10.0.40219.1
Project("{888888A0-9F3D-457C-B088-3A5042F75D52}") = "CADETMatch", "CADETMatch\CADETMatch.pyproj", "{0067CB6F-0DE6-4DD6-8086-20EA899A691D}"
EndProject
Global
	GlobalSection(SolutionConfigurationPlatforms) = preSolution
		Debug|Any CPU = Debug|Any CPU
		Release|Any CPU = Release|Any CPU
	EndGlobalSection
	GlobalSection(ProjectConfigurationPlatforms) = postSolution
		{0067CB6F-0DE6-4DD6-8086-20EA899A691D}.Debug|Any CPU.ActiveCfg = Debug|Any CPU
		{0067CB6F-0DE6-4DD6-8086-20EA899A691D}.Release|Any CPU.ActiveCfg = Release|Any CPU
	EndGlobalSection
	GlobalSection(SolutionProperties) = preSolution
		HideSolutionNode = FALSE
	EndGlobalSection
	GlobalSection(ExtensibilityGlobals) = postSolution
		SolutionGuid = {006FC0CA-504B-4F4D-A4AB-2128D89F619B}
	EndGlobalSection
EndGlobal
